
Microsoft Visual Studio Solution File, Format Version 11.00
# Visual Basic Express 2010
Project("{F184B08F-C81C-45F6-A57F-5ABD9991F28F}") = "Software Administracion Ganadera", "Software Administracion Ganadera\Software Administracion Ganadera.vbproj", "{4DCB5431-A13B-49A0-A72C-E8B669105668}"
EndProject
Global
	GlobalSection(SolutionConfigurationPlatforms) = preSolution
		Debug|x86 = Debug|x86
		Release|x86 = Release|x86
	EndGlobalSection
	GlobalSection(ProjectConfigurationPlatforms) = postSolution
		{4DCB5431-A13B-49A0-A72C-E8B669105668}.Debug|x86.ActiveCfg = Debug|x86
		{4DCB5431-A13B-49A0-A72C-E8B669105668}.Debug|x86.Build.0 = Debug|x86
		{4DCB5431-A13B-49A0-A72C-E8B669105668}.Release|x86.ActiveCfg = Release|x86
		{4DCB5431-A13B-49A0-A72C-E8B669105668}.Release|x86.Build.0 = Release|x86
	EndGlobalSection
	GlobalSection(SolutionProperties) = preSolution
		HideSolutionNode = FALSE
	EndGlobalSection
EndGlobal
